
Microsoft Visual Studio Solution File, Format Version 12.00
# Visual Studio Version 17
VisualStudioVersion = 17.11.35303.130
MinimumVisualStudioVersion = 10.0.40219.1
Project("{FAE04EC0-301F-11D3-BF4B-00C04F79EFBC}") = "GUI_JAM", "GUI_JAM.csproj", "{18BB4299-947B-4DB4-B297-817D2BA34D16}"
EndProject
Global
	GlobalSection(SolutionConfigurationPlatforms) = preSolution
		Debug|Any CPU = Debug|Any CPU
		Release|Any CPU = Release|Any CPU
	EndGlobalSection
	GlobalSection(ProjectConfigurationPlatforms) = postSolution
		{18BB4299-947B-4DB4-B297-817D2BA34D16}.Debug|Any CPU.ActiveCfg = Debug|Any CPU
		{18BB4299-947B-4DB4-B297-817D2BA34D16}.Debug|Any CPU.Build.0 = Debug|Any CPU
		{18BB4299-947B-4DB4-B297-817D2BA34D16}.Release|Any CPU.ActiveCfg = Release|Any CPU
		{18BB4299-947B-4DB4-B297-817D2BA34D16}.Release|Any CPU.Build.0 = Release|Any CPU
	EndGlobalSection
	GlobalSection(SolutionProperties) = preSolution
		HideSolutionNode = FALSE
	EndGlobalSection
	GlobalSection(ExtensibilityGlobals) = postSolution
		SolutionGuid = {DFF1284F-0BCE-49C5-900A-6FB703B6A3E8}
	EndGlobalSection
EndGlobal
